
Microsoft Visual Studio Solution File, Format Version 12.00
# Visual Studio Version 17
VisualStudioVersion = 17.13.35919.96 d17.13
MinimumVisualStudioVersion = 10.0.40219.1
Project("{FAE04EC0-301F-11D3-BF4B-00C04F79EFBC}") = "TextRPG_example", "TextRPG_example.csproj", "{9F983A67-D1A5-43D4-959B-CCAF1C68306F}"
EndProject
Global
	GlobalSection(SolutionConfigurationPlatforms) = preSolution
		Debug|Any CPU = Debug|Any CPU
		Release|Any CPU = Release|Any CPU
	EndGlobalSection
	GlobalSection(ProjectConfigurationPlatforms) = postSolution
		{9F983A67-D1A5-43D4-959B-CCAF1C68306F}.Debug|Any CPU.ActiveCfg = Debug|Any CPU
		{9F983A67-D1A5-43D4-959B-CCAF1C68306F}.Debug|Any CPU.Build.0 = Debug|Any CPU
		{9F983A67-D1A5-43D4-959B-CCAF1C68306F}.Release|Any CPU.ActiveCfg = Release|Any CPU
		{9F983A67-D1A5-43D4-959B-CCAF1C68306F}.Release|Any CPU.Build.0 = Release|Any CPU
	EndGlobalSection
	GlobalSection(SolutionProperties) = preSolution
		HideSolutionNode = FALSE
	EndGlobalSection
	GlobalSection(ExtensibilityGlobals) = postSolution
		SolutionGuid = {4DA9A8DB-2261-4D2E-A395-E152C70D9F49}
	EndGlobalSection
EndGlobal
